// !$*UTF8*$!
{
	archiveVersion = 1;
	classes = {
	};
	objectVersion = 56;
	objects = {

/* Begin PBXBuildFile section */
		998886752CAAD972004E9E0F /* BookBuddiesApp.swift in Sources */ = {isa = PBXBuildFile; fileRef = 998886742CAAD972004E9E0F /* BookBuddiesApp.swift */; };
		998886772CAAD972004E9E0F /* ContentView.swift in Sources */ = {isa = PBXBuildFile; fileRef = 998886762CAAD972004E9E0F /* ContentView.swift */; };
		9988867B2CAAD973004E9E0F /* Assets.xcassets in Resources */ = {isa = PBXBuildFile; fileRef = 9988867A2CAAD973004E9E0F /* Assets.xcassets */; };
		9988867E2CAAD973004E9E0F /* Preview Assets.xcassets in Resources */ = {isa = PBXBuildFile; fileRef = 9988867D2CAAD973004E9E0F /* Preview Assets.xcassets */; };
		998886852CAADB35004E9E0F /* GoogleBooksAPI.swift in Sources */ = {isa = PBXBuildFile; fileRef = 998886842CAADB35004E9E0F /* GoogleBooksAPI.swift */; };
		998886872CAAE2DF004E9E0F /* BookViewModel.swift in Sources */ = {isa = PBXBuildFile; fileRef = 998886862CAAE2DF004E9E0F /* BookViewModel.swift */; };
		998886892CAAE33B004E9E0F /* SearchBaseView.swift in Sources */ = {isa = PBXBuildFile; fileRef = 998886882CAAE33B004E9E0F /* SearchBaseView.swift */; };
		9988868B2CAAE356004E9E0F /* SearchView.swift in Sources */ = {isa = PBXBuildFile; fileRef = 9988868A2CAAE356004E9E0F /* SearchView.swift */; };
		9988868D2CAAE362004E9E0F /* SearchResultsView.swift in Sources */ = {isa = PBXBuildFile; fileRef = 9988868C2CAAE362004E9E0F /* SearchResultsView.swift */; };
		9988868F2CAAE67D004E9E0F /* BookshelfBackground.swift in Sources */ = {isa = PBXBuildFile; fileRef = 9988868E2CAAE67D004E9E0F /* BookshelfBackground.swift */; };
		998886912CAB7A23004E9E0F /* BookRow.swift in Sources */ = {isa = PBXBuildFile; fileRef = 998886902CAB7A23004E9E0F /* BookRow.swift */; };
		998886932CABA181004E9E0F /* BookModel.swift in Sources */ = {isa = PBXBuildFile; fileRef = 998886922CABA181004E9E0F /* BookModel.swift */; };
		998886952CABA269004E9E0F /* BookView.swift in Sources */ = {isa = PBXBuildFile; fileRef = 998886942CABA269004E9E0F /* BookView.swift */; };
		998886972CACDBC8004E9E0F /* ShelfView.swift in Sources */ = {isa = PBXBuildFile; fileRef = 998886962CACDBC8004E9E0F /* ShelfView.swift */; };
		998886992CACE78E004E9E0F /* Bookshelf.swift in Sources */ = {isa = PBXBuildFile; fileRef = 998886982CACE78E004E9E0F /* Bookshelf.swift */; };
		9988869B2CACE807004E9E0F /* BookshelfViewModel.swift in Sources */ = {isa = PBXBuildFile; fileRef = 9988869A2CACE807004E9E0F /* BookshelfViewModel.swift */; };
		9988869D2CACF0BD004E9E0F /* VolumeInfoModel.swift in Sources */ = {isa = PBXBuildFile; fileRef = 9988869C2CACF0BD004E9E0F /* VolumeInfoModel.swift */; };
		9988869F2CACF0C5004E9E0F /* ImageLinks.swift in Sources */ = {isa = PBXBuildFile; fileRef = 9988869E2CACF0C5004E9E0F /* ImageLinks.swift */; };
		998886A12CAD02D2004E9E0F /* BookPreview.swift in Sources */ = {isa = PBXBuildFile; fileRef = 998886A02CAD02D2004E9E0F /* BookPreview.swift */; };
		998886A52CAD40A2004E9E0F /* BookDetail.swift in Sources */ = {isa = PBXBuildFile; fileRef = 998886A42CAD40A2004E9E0F /* BookDetail.swift */; };
		998886AB2CAE2EE6004E9E0F /* SaveBookView.swift in Sources */ = {isa = PBXBuildFile; fileRef = 998886AA2CAE2EE6004E9E0F /* SaveBookView.swift */; };
		998886AD2CAE42DD004E9E0F /* BookSpineView.swift in Sources */ = {isa = PBXBuildFile; fileRef = 998886AC2CAE42DD004E9E0F /* BookSpineView.swift */; };
		998886B82CAFFF31004E9E0F /* GoogleService-Info.plist in Resources */ = {isa = PBXBuildFile; fileRef = 998886B72CAFFF31004E9E0F /* GoogleService-Info.plist */; };
		998886BB2CAFFFB4004E9E0F /* FirebaseAnalytics in Frameworks */ = {isa = PBXBuildFile; productRef = 998886BA2CAFFFB4004E9E0F /* FirebaseAnalytics */; };
		998886BD2CAFFFB4004E9E0F /* FirebaseAnalyticsOnDeviceConversion in Frameworks */ = {isa = PBXBuildFile; productRef = 998886BC2CAFFFB4004E9E0F /* FirebaseAnalyticsOnDeviceConversion */; };
		998886BF2CAFFFB4004E9E0F /* FirebaseAnalyticsWithoutAdIdSupport in Frameworks */ = {isa = PBXBuildFile; productRef = 998886BE2CAFFFB4004E9E0F /* FirebaseAnalyticsWithoutAdIdSupport */; };
		998886C12CAFFFB4004E9E0F /* FirebaseAppCheck in Frameworks */ = {isa = PBXBuildFile; productRef = 998886C02CAFFFB4004E9E0F /* FirebaseAppCheck */; };
		998886C32CAFFFB4004E9E0F /* FirebaseAppDistribution-Beta in Frameworks */ = {isa = PBXBuildFile; productRef = 998886C22CAFFFB4004E9E0F /* FirebaseAppDistribution-Beta */; };
		998886C52CB00223004E9E0F /* UserViewModel.swift in Sources */ = {isa = PBXBuildFile; fileRef = 998886C42CB00223004E9E0F /* UserViewModel.swift */; };
		998886C72CB002A2004E9E0F /* MainView.swift in Sources */ = {isa = PBXBuildFile; fileRef = 998886C62CB002A2004E9E0F /* MainView.swift */; };
		998886C92CB00482004E9E0F /* FirebaseAuth in Frameworks */ = {isa = PBXBuildFile; productRef = 998886C82CB00482004E9E0F /* FirebaseAuth */; };
		998886CB2CB00482004E9E0F /* FirebaseAuthCombine-Community in Frameworks */ = {isa = PBXBuildFile; productRef = 998886CA2CB00482004E9E0F /* FirebaseAuthCombine-Community */; };
		998886CD2CB00482004E9E0F /* FirebaseCore in Frameworks */ = {isa = PBXBuildFile; productRef = 998886CC2CB00482004E9E0F /* FirebaseCore */; };
		998886CF2CB00482004E9E0F /* FirebaseCrashlytics in Frameworks */ = {isa = PBXBuildFile; productRef = 998886CE2CB00482004E9E0F /* FirebaseCrashlytics */; };
		998886D12CB00482004E9E0F /* FirebaseDatabase in Frameworks */ = {isa = PBXBuildFile; productRef = 998886D02CB00482004E9E0F /* FirebaseDatabase */; };
		998886D32CB00482004E9E0F /* FirebaseDynamicLinks in Frameworks */ = {isa = PBXBuildFile; productRef = 998886D22CB00482004E9E0F /* FirebaseDynamicLinks */; };
		998886D52CB00482004E9E0F /* FirebaseFirestore in Frameworks */ = {isa = PBXBuildFile; productRef = 998886D42CB00482004E9E0F /* FirebaseFirestore */; };
		998886D72CB00482004E9E0F /* FirebaseFirestoreCombine-Community in Frameworks */ = {isa = PBXBuildFile; productRef = 998886D62CB00482004E9E0F /* FirebaseFirestoreCombine-Community */; };
		998886D92CB00482004E9E0F /* FirebaseFunctions in Frameworks */ = {isa = PBXBuildFile; productRef = 998886D82CB00482004E9E0F /* FirebaseFunctions */; };
		998886DB2CB00482004E9E0F /* FirebaseFunctionsCombine-Community in Frameworks */ = {isa = PBXBuildFile; productRef = 998886DA2CB00482004E9E0F /* FirebaseFunctionsCombine-Community */; };
		998886DD2CB00482004E9E0F /* FirebaseInAppMessaging-Beta in Frameworks */ = {isa = PBXBuildFile; productRef = 998886DC2CB00482004E9E0F /* FirebaseInAppMessaging-Beta */; };
		998886DF2CB00482004E9E0F /* FirebaseInstallations in Frameworks */ = {isa = PBXBuildFile; productRef = 998886DE2CB00482004E9E0F /* FirebaseInstallations */; };
		998886E12CB00482004E9E0F /* FirebaseMLModelDownloader in Frameworks */ = {isa = PBXBuildFile; productRef = 998886E02CB00482004E9E0F /* FirebaseMLModelDownloader */; };
		998886E32CB00482004E9E0F /* FirebaseMessaging in Frameworks */ = {isa = PBXBuildFile; productRef = 998886E22CB00482004E9E0F /* FirebaseMessaging */; };
		998886E52CB00482004E9E0F /* FirebasePerformance in Frameworks */ = {isa = PBXBuildFile; productRef = 998886E42CB00482004E9E0F /* FirebasePerformance */; };
		998886E72CB00482004E9E0F /* FirebaseRemoteConfig in Frameworks */ = {isa = PBXBuildFile; productRef = 998886E62CB00482004E9E0F /* FirebaseRemoteConfig */; };
		998886E92CB00482004E9E0F /* FirebaseStorage in Frameworks */ = {isa = PBXBuildFile; productRef = 998886E82CB00482004E9E0F /* FirebaseStorage */; };
		998886EB2CB00482004E9E0F /* FirebaseStorageCombine-Community in Frameworks */ = {isa = PBXBuildFile; productRef = 998886EA2CB00482004E9E0F /* FirebaseStorageCombine-Community */; };
		998886ED2CB00482004E9E0F /* FirebaseVertexAI-Preview in Frameworks */ = {isa = PBXBuildFile; productRef = 998886EC2CB00482004E9E0F /* FirebaseVertexAI-Preview */; };
		998886EF2CB00535004E9E0F /* SignInView.swift in Sources */ = {isa = PBXBuildFile; fileRef = 998886EE2CB00535004E9E0F /* SignInView.swift */; };
		998886F12CB0080A004E9E0F /* AuthViewModel.swift in Sources */ = {isa = PBXBuildFile; fileRef = 998886F02CB0080A004E9E0F /* AuthViewModel.swift */; };
		998886F32CB00AAE004E9E0F /* SignUpView.swift in Sources */ = {isa = PBXBuildFile; fileRef = 998886F22CB00AAE004E9E0F /* SignUpView.swift */; };
		998886F52CB0EBE1004E9E0F /* UserModel.swift in Sources */ = {isa = PBXBuildFile; fileRef = 998886F42CB0EBE1004E9E0F /* UserModel.swift */; };
		998886F72CB14929004E9E0F /* FriendView.swift in Sources */ = {isa = PBXBuildFile; fileRef = 998886F62CB14929004E9E0F /* FriendView.swift */; };
		998886F92CB166B8004E9E0F /* StartView.swift in Sources */ = {isa = PBXBuildFile; fileRef = 998886F82CB166B8004E9E0F /* StartView.swift */; };
		998886FB2CB251FB004E9E0F /* FriendModel.swift in Sources */ = {isa = PBXBuildFile; fileRef = 998886FA2CB251FB004E9E0F /* FriendModel.swift */; };
		998886FD2CB26DBA004E9E0F /* AddFriendView.swift in Sources */ = {isa = PBXBuildFile; fileRef = 998886FC2CB26DBA004E9E0F /* AddFriendView.swift */; };
		998886FF2CB26E2E004E9E0F /* FriendSearchView.swift in Sources */ = {isa = PBXBuildFile; fileRef = 998886FE2CB26E2E004E9E0F /* FriendSearchView.swift */; };
		998887012CB26E37004E9E0F /* FriendSearchResultsView.swift in Sources */ = {isa = PBXBuildFile; fileRef = 998887002CB26E37004E9E0F /* FriendSearchResultsView.swift */; };
		998887032CB26EC8004E9E0F /* SearchViewModel.swift in Sources */ = {isa = PBXBuildFile; fileRef = 998887022CB26EC8004E9E0F /* SearchViewModel.swift */; };
		998887052CB27683004E9E0F /* FriendRow.swift in Sources */ = {isa = PBXBuildFile; fileRef = 998887042CB27683004E9E0F /* FriendRow.swift */; };
		99DE58142CB50F4E003A615B /* SettingsView.swift in Sources */ = {isa = PBXBuildFile; fileRef = 99DE58132CB50F4E003A615B /* SettingsView.swift */; };
		99DE58162CB68DB9003A615B /* MessageModel.swift in Sources */ = {isa = PBXBuildFile; fileRef = 99DE58152CB68DB9003A615B /* MessageModel.swift */; };
		99DE58182CB6902E003A615B /* ChatView.swift in Sources */ = {isa = PBXBuildFile; fileRef = 99DE58172CB6902E003A615B /* ChatView.swift */; };
		99DE581A2CB6977B003A615B /* Date.swift in Sources */ = {isa = PBXBuildFile; fileRef = 99DE58192CB6977B003A615B /* Date.swift */; };
		99DE581C2CB69D06003A615B /* ChatViewModel.swift in Sources */ = {isa = PBXBuildFile; fileRef = 99DE581B2CB69D06003A615B /* ChatViewModel.swift */; };
		99DE581E2CB6A5D9003A615B /* MessageView.swift in Sources */ = {isa = PBXBuildFile; fileRef = 99DE581D2CB6A5D9003A615B /* MessageView.swift */; };
		99DE58202CB77BF0003A615B /* BookSearchView.swift in Sources */ = {isa = PBXBuildFile; fileRef = 99DE581F2CB77BF0003A615B /* BookSearchView.swift */; };
		99DE58222CB791BA003A615B /* BookForChatRow.swift in Sources */ = {isa = PBXBuildFile; fileRef = 99DE58212CB791BA003A615B /* BookForChatRow.swift */; };
		99DE58242CB911E1003A615B /* LineView.swift in Sources */ = {isa = PBXBuildFile; fileRef = 99DE58232CB911E1003A615B /* LineView.swift */; };
		99DE58262CB92626003A615B /* ShareView.swift in Sources */ = {isa = PBXBuildFile; fileRef = 99DE58252CB92626003A615B /* ShareView.swift */; };
		99DE58282CB926EA003A615B /* ShareToFriendView.swift in Sources */ = {isa = PBXBuildFile; fileRef = 99DE58272CB926EA003A615B /* ShareToFriendView.swift */; };
		99DE582A2CBB5AD8003A615B /* BookSuggestionView.swift in Sources */ = {isa = PBXBuildFile; fileRef = 99DE58292CBB5AD8003A615B /* BookSuggestionView.swift */; };
		99DE582C2CBB6DDE003A615B /* BookThumbnail.swift in Sources */ = {isa = PBXBuildFile; fileRef = 99DE582B2CBB6DDE003A615B /* BookThumbnail.swift */; };
/* End PBXBuildFile section */

/* Begin PBXFileReference section */
		998886712CAAD972004E9E0F /* BookBuddies.app */ = {isa = PBXFileReference; explicitFileType = wrapper.application; includeInIndex = 0; path = BookBuddies.app; sourceTree = BUILT_PRODUCTS_DIR; };
		998886742CAAD972004E9E0F /* BookBuddiesApp.swift */ = {isa = PBXFileReference; lastKnownFileType = sourcecode.swift; path = BookBuddiesApp.swift; sourceTree = "<group>"; };
		998886762CAAD972004E9E0F /* ContentView.swift */ = {isa = PBXFileReference; lastKnownFileType = sourcecode.swift; path = ContentView.swift; sourceTree = "<group>"; };
		9988867A2CAAD973004E9E0F /* Assets.xcassets */ = {isa = PBXFileReference; lastKnownFileType = folder.assetcatalog; path = Assets.xcassets; sourceTree = "<group>"; };
		9988867D2CAAD973004E9E0F /* Preview Assets.xcassets */ = {isa = PBXFileReference; lastKnownFileType = folder.assetcatalog; path = "Preview Assets.xcassets"; sourceTree = "<group>"; };
		998886842CAADB35004E9E0F /* GoogleBooksAPI.swift */ = {isa = PBXFileReference; lastKnownFileType = sourcecode.swift; path = GoogleBooksAPI.swift; sourceTree = "<group>"; };
		998886862CAAE2DF004E9E0F /* BookViewModel.swift */ = {isa = PBXFileReference; lastKnownFileType = sourcecode.swift; path = BookViewModel.swift; sourceTree = "<group>"; };
		998886882CAAE33B004E9E0F /* SearchBaseView.swift */ = {isa = PBXFileReference; lastKnownFileType = sourcecode.swift; path = SearchBaseView.swift; sourceTree = "<group>"; };
		9988868A2CAAE356004E9E0F /* SearchView.swift */ = {isa = PBXFileReference; lastKnownFileType = sourcecode.swift; path = SearchView.swift; sourceTree = "<group>"; };
		9988868C2CAAE362004E9E0F /* SearchResultsView.swift */ = {isa = PBXFileReference; lastKnownFileType = sourcecode.swift; path = SearchResultsView.swift; sourceTree = "<group>"; };
		9988868E2CAAE67D004E9E0F /* BookshelfBackground.swift */ = {isa = PBXFileReference; lastKnownFileType = sourcecode.swift; path = BookshelfBackground.swift; sourceTree = "<group>"; };
		998886902CAB7A23004E9E0F /* BookRow.swift */ = {isa = PBXFileReference; lastKnownFileType = sourcecode.swift; path = BookRow.swift; sourceTree = "<group>"; };
		998886922CABA181004E9E0F /* BookModel.swift */ = {isa = PBXFileReference; lastKnownFileType = sourcecode.swift; path = BookModel.swift; sourceTree = "<group>"; };
		998886942CABA269004E9E0F /* BookView.swift */ = {isa = PBXFileReference; lastKnownFileType = sourcecode.swift; path = BookView.swift; sourceTree = "<group>"; };
		998886962CACDBC8004E9E0F /* ShelfView.swift */ = {isa = PBXFileReference; lastKnownFileType = sourcecode.swift; path = ShelfView.swift; sourceTree = "<group>"; };
		998886982CACE78E004E9E0F /* Bookshelf.swift */ = {isa = PBXFileReference; lastKnownFileType = sourcecode.swift; path = Bookshelf.swift; sourceTree = "<group>"; };
		9988869A2CACE807004E9E0F /* BookshelfViewModel.swift */ = {isa = PBXFileReference; lastKnownFileType = sourcecode.swift; path = BookshelfViewModel.swift; sourceTree = "<group>"; };
		9988869C2CACF0BD004E9E0F /* VolumeInfoModel.swift */ = {isa = PBXFileReference; lastKnownFileType = sourcecode.swift; path = VolumeInfoModel.swift; sourceTree = "<group>"; };
		9988869E2CACF0C5004E9E0F /* ImageLinks.swift */ = {isa = PBXFileReference; lastKnownFileType = sourcecode.swift; path = ImageLinks.swift; sourceTree = "<group>"; };
		998886A02CAD02D2004E9E0F /* BookPreview.swift */ = {isa = PBXFileReference; lastKnownFileType = sourcecode.swift; path = BookPreview.swift; sourceTree = "<group>"; };
		998886A42CAD40A2004E9E0F /* BookDetail.swift */ = {isa = PBXFileReference; lastKnownFileType = sourcecode.swift; path = BookDetail.swift; sourceTree = "<group>"; };
		998886AA2CAE2EE6004E9E0F /* SaveBookView.swift */ = {isa = PBXFileReference; lastKnownFileType = sourcecode.swift; path = SaveBookView.swift; sourceTree = "<group>"; };
		998886AC2CAE42DD004E9E0F /* BookSpineView.swift */ = {isa = PBXFileReference; lastKnownFileType = sourcecode.swift; path = BookSpineView.swift; sourceTree = "<group>"; };
		998886B72CAFFF31004E9E0F /* GoogleService-Info.plist */ = {isa = PBXFileReference; fileEncoding = 4; lastKnownFileType = text.plist.xml; name = "GoogleService-Info.plist"; path = "../../../Downloads/GoogleService-Info.plist"; sourceTree = "<group>"; };
		998886C42CB00223004E9E0F /* UserViewModel.swift */ = {isa = PBXFileReference; lastKnownFileType = sourcecode.swift; path = UserViewModel.swift; sourceTree = "<group>"; };
		998886C62CB002A2004E9E0F /* MainView.swift */ = {isa = PBXFileReference; lastKnownFileType = sourcecode.swift; path = MainView.swift; sourceTree = "<group>"; };
		998886EE2CB00535004E9E0F /* SignInView.swift */ = {isa = PBXFileReference; lastKnownFileType = sourcecode.swift; path = SignInView.swift; sourceTree = "<group>"; };
		998886F02CB0080A004E9E0F /* AuthViewModel.swift */ = {isa = PBXFileReference; lastKnownFileType = sourcecode.swift; path = AuthViewModel.swift; sourceTree = "<group>"; };
		998886F22CB00AAE004E9E0F /* SignUpView.swift */ = {isa = PBXFileReference; lastKnownFileType = sourcecode.swift; path = SignUpView.swift; sourceTree = "<group>"; };
		998886F42CB0EBE1004E9E0F /* UserModel.swift */ = {isa = PBXFileReference; lastKnownFileType = sourcecode.swift; path = UserModel.swift; sourceTree = "<group>"; };
		998886F62CB14929004E9E0F /* FriendView.swift */ = {isa = PBXFileReference; lastKnownFileType = sourcecode.swift; path = FriendView.swift; sourceTree = "<group>"; };
		998886F82CB166B8004E9E0F /* StartView.swift */ = {isa = PBXFileReference; lastKnownFileType = sourcecode.swift; path = StartView.swift; sourceTree = "<group>"; };
		998886FA2CB251FB004E9E0F /* FriendModel.swift */ = {isa = PBXFileReference; lastKnownFileType = sourcecode.swift; path = FriendModel.swift; sourceTree = "<group>"; };
		998886FC2CB26DBA004E9E0F /* AddFriendView.swift */ = {isa = PBXFileReference; lastKnownFileType = sourcecode.swift; path = AddFriendView.swift; sourceTree = "<group>"; };
		998886FE2CB26E2E004E9E0F /* FriendSearchView.swift */ = {isa = PBXFileReference; lastKnownFileType = sourcecode.swift; path = FriendSearchView.swift; sourceTree = "<group>"; };
		998887002CB26E37004E9E0F /* FriendSearchResultsView.swift */ = {isa = PBXFileReference; lastKnownFileType = sourcecode.swift; path = FriendSearchResultsView.swift; sourceTree = "<group>"; };
		998887022CB26EC8004E9E0F /* SearchViewModel.swift */ = {isa = PBXFileReference; lastKnownFileType = sourcecode.swift; path = SearchViewModel.swift; sourceTree = "<group>"; };
		998887042CB27683004E9E0F /* FriendRow.swift */ = {isa = PBXFileReference; lastKnownFileType = sourcecode.swift; path = FriendRow.swift; sourceTree = "<group>"; };
		99DE58132CB50F4E003A615B /* SettingsView.swift */ = {isa = PBXFileReference; lastKnownFileType = sourcecode.swift; path = SettingsView.swift; sourceTree = "<group>"; };
		99DE58152CB68DB9003A615B /* MessageModel.swift */ = {isa = PBXFileReference; lastKnownFileType = sourcecode.swift; path = MessageModel.swift; sourceTree = "<group>"; };
		99DE58172CB6902E003A615B /* ChatView.swift */ = {isa = PBXFileReference; lastKnownFileType = sourcecode.swift; path = ChatView.swift; sourceTree = "<group>"; };
		99DE58192CB6977B003A615B /* Date.swift */ = {isa = PBXFileReference; lastKnownFileType = sourcecode.swift; path = Date.swift; sourceTree = "<group>"; };
		99DE581B2CB69D06003A615B /* ChatViewModel.swift */ = {isa = PBXFileReference; lastKnownFileType = sourcecode.swift; path = ChatViewModel.swift; sourceTree = "<group>"; };
		99DE581D2CB6A5D9003A615B /* MessageView.swift */ = {isa = PBXFileReference; lastKnownFileType = sourcecode.swift; path = MessageView.swift; sourceTree = "<group>"; };
		99DE581F2CB77BF0003A615B /* BookSearchView.swift */ = {isa = PBXFileReference; lastKnownFileType = sourcecode.swift; path = BookSearchView.swift; sourceTree = "<group>"; };
		99DE58212CB791BA003A615B /* BookForChatRow.swift */ = {isa = PBXFileReference; lastKnownFileType = sourcecode.swift; path = BookForChatRow.swift; sourceTree = "<group>"; };
		99DE58232CB911E1003A615B /* LineView.swift */ = {isa = PBXFileReference; lastKnownFileType = sourcecode.swift; path = LineView.swift; sourceTree = "<group>"; };
		99DE58252CB92626003A615B /* ShareView.swift */ = {isa = PBXFileReference; lastKnownFileType = sourcecode.swift; path = ShareView.swift; sourceTree = "<group>"; };
		99DE58272CB926EA003A615B /* ShareToFriendView.swift */ = {isa = PBXFileReference; lastKnownFileType = sourcecode.swift; path = ShareToFriendView.swift; sourceTree = "<group>"; };
		99DE58292CBB5AD8003A615B /* BookSuggestionView.swift */ = {isa = PBXFileReference; lastKnownFileType = sourcecode.swift; path = BookSuggestionView.swift; sourceTree = "<group>"; };
		99DE582B2CBB6DDE003A615B /* BookThumbnail.swift */ = {isa = PBXFileReference; lastKnownFileType = sourcecode.swift; path = BookThumbnail.swift; sourceTree = "<group>"; };
/* End PBXFileReference section */

/* Begin PBXFrameworksBuildPhase section */
		9988866E2CAAD972004E9E0F /* Frameworks */ = {
			isa = PBXFrameworksBuildPhase;
			buildActionMask = 2147483647;
			files = (
				998886ED2CB00482004E9E0F /* FirebaseVertexAI-Preview in Frameworks */,
				998886D72CB00482004E9E0F /* FirebaseFirestoreCombine-Community in Frameworks */,
				998886D92CB00482004E9E0F /* FirebaseFunctions in Frameworks */,
				998886E52CB00482004E9E0F /* FirebasePerformance in Frameworks */,
				998886EB2CB00482004E9E0F /* FirebaseStorageCombine-Community in Frameworks */,
				998886E72CB00482004E9E0F /* FirebaseRemoteConfig in Frameworks */,
				998886D12CB00482004E9E0F /* FirebaseDatabase in Frameworks */,
				998886D32CB00482004E9E0F /* FirebaseDynamicLinks in Frameworks */,
				998886C12CAFFFB4004E9E0F /* FirebaseAppCheck in Frameworks */,
				998886C92CB00482004E9E0F /* FirebaseAuth in Frameworks */,
				998886BB2CAFFFB4004E9E0F /* FirebaseAnalytics in Frameworks */,
				998886D52CB00482004E9E0F /* FirebaseFirestore in Frameworks */,
				998886E32CB00482004E9E0F /* FirebaseMessaging in Frameworks */,
				998886DF2CB00482004E9E0F /* FirebaseInstallations in Frameworks */,
				998886DB2CB00482004E9E0F /* FirebaseFunctionsCombine-Community in Frameworks */,
				998886C32CAFFFB4004E9E0F /* FirebaseAppDistribution-Beta in Frameworks */,
				998886BF2CAFFFB4004E9E0F /* FirebaseAnalyticsWithoutAdIdSupport in Frameworks */,
				998886DD2CB00482004E9E0F /* FirebaseInAppMessaging-Beta in Frameworks */,
				998886CB2CB00482004E9E0F /* FirebaseAuthCombine-Community in Frameworks */,
				998886CF2CB00482004E9E0F /* FirebaseCrashlytics in Frameworks */,
				998886E12CB00482004E9E0F /* FirebaseMLModelDownloader in Frameworks */,
				998886E92CB00482004E9E0F /* FirebaseStorage in Frameworks */,
				998886CD2CB00482004E9E0F /* FirebaseCore in Frameworks */,
				998886BD2CAFFFB4004E9E0F /* FirebaseAnalyticsOnDeviceConversion in Frameworks */,
			);
			runOnlyForDeploymentPostprocessing = 0;
		};
/* End PBXFrameworksBuildPhase section */

/* Begin PBXGroup section */
		998886682CAAD972004E9E0F = {
			isa = PBXGroup;
			children = (
				998886732CAAD972004E9E0F /* BookBuddies */,
				998886722CAAD972004E9E0F /* Products */,
			);
			sourceTree = "<group>";
		};
		998886722CAAD972004E9E0F /* Products */ = {
			isa = PBXGroup;
			children = (
				998886712CAAD972004E9E0F /* BookBuddies.app */,
			);
			name = Products;
			sourceTree = "<group>";
		};
		998886732CAAD972004E9E0F /* BookBuddies */ = {
			isa = PBXGroup;
			children = (
				998886742CAAD972004E9E0F /* BookBuddiesApp.swift */,
				998886AE2CAFFBB7004E9E0F /* Views */,
				998886AF2CAFFBC6004E9E0F /* Models */,
				998886B02CAFFBCD004E9E0F /* ViewModels */,
				9988867A2CAAD973004E9E0F /* Assets.xcassets */,
				998886B72CAFFF31004E9E0F /* GoogleService-Info.plist */,
				9988867C2CAAD973004E9E0F /* Preview Content */,
			);
			path = BookBuddies;
			sourceTree = "<group>";
		};
		9988867C2CAAD973004E9E0F /* Preview Content */ = {
			isa = PBXGroup;
			children = (
				9988867D2CAAD973004E9E0F /* Preview Assets.xcassets */,
			);
			path = "Preview Content";
			sourceTree = "<group>";
		};
		998886AE2CAFFBB7004E9E0F /* Views */ = {
			isa = PBXGroup;
			children = (
				998886762CAAD972004E9E0F /* ContentView.swift */,
				998886C62CB002A2004E9E0F /* MainView.swift */,
				99DE58232CB911E1003A615B /* LineView.swift */,
				99DE58132CB50F4E003A615B /* SettingsView.swift */,
				99DE582E2CBBA4FA003A615B /* Authentication */,
				998886B42CAFFCA9004E9E0F /* Search */,
				998886B32CAFFC78004E9E0F /* Bookshelf */,
				998886B12CAFFBDB004E9E0F /* Books */,
				99DE582D2CBBA4C1003A615B /* Friends */,
			);
			path = Views;
			sourceTree = "<group>";
		};
		998886AF2CAFFBC6004E9E0F /* Models */ = {
			isa = PBXGroup;
			children = (
				998886842CAADB35004E9E0F /* GoogleBooksAPI.swift */,
				99DE58192CB6977B003A615B /* Date.swift */,
				998886B22CAFFBF4004E9E0F /* Books */,
				998886F42CB0EBE1004E9E0F /* UserModel.swift */,
				99DE58152CB68DB9003A615B /* MessageModel.swift */,
				998886FA2CB251FB004E9E0F /* FriendModel.swift */,
			);
			path = Models;
			sourceTree = "<group>";
		};
		998886B02CAFFBCD004E9E0F /* ViewModels */ = {
			isa = PBXGroup;
			children = (
				9988869A2CACE807004E9E0F /* BookshelfViewModel.swift */,
				998886862CAAE2DF004E9E0F /* BookViewModel.swift */,
				998886C42CB00223004E9E0F /* UserViewModel.swift */,
				99DE581B2CB69D06003A615B /* ChatViewModel.swift */,
				998886F02CB0080A004E9E0F /* AuthViewModel.swift */,
				998887022CB26EC8004E9E0F /* SearchViewModel.swift */,
			);
			path = ViewModels;
			sourceTree = "<group>";
		};
		998886B12CAFFBDB004E9E0F /* Books */ = {
			isa = PBXGroup;
			children = (
				998886902CAB7A23004E9E0F /* BookRow.swift */,
				998886A02CAD02D2004E9E0F /* BookPreview.swift */,
				998886A42CAD40A2004E9E0F /* BookDetail.swift */,
				998886942CABA269004E9E0F /* BookView.swift */,
				99DE581F2CB77BF0003A615B /* BookSearchView.swift */,
				99DE58292CBB5AD8003A615B /* BookSuggestionView.swift */,
				99DE582B2CBB6DDE003A615B /* BookThumbnail.swift */,
			);
			path = Books;
			sourceTree = "<group>";
		};
		998886B22CAFFBF4004E9E0F /* Books */ = {
			isa = PBXGroup;
			children = (
				998886922CABA181004E9E0F /* BookModel.swift */,
				9988869C2CACF0BD004E9E0F /* VolumeInfoModel.swift */,
				9988869E2CACF0C5004E9E0F /* ImageLinks.swift */,
			);
			path = Books;
			sourceTree = "<group>";
		};
		998886B32CAFFC78004E9E0F /* Bookshelf */ = {
			isa = PBXGroup;
			children = (
				998886AA2CAE2EE6004E9E0F /* SaveBookView.swift */,
				998886982CACE78E004E9E0F /* Bookshelf.swift */,
				998886AC2CAE42DD004E9E0F /* BookSpineView.swift */,
				9988868E2CAAE67D004E9E0F /* BookshelfBackground.swift */,
				998886962CACDBC8004E9E0F /* ShelfView.swift */,
			);
			path = Bookshelf;
			sourceTree = "<group>";
		};
		998886B42CAFFCA9004E9E0F /* Search */ = {
			isa = PBXGroup;
			children = (
				998886882CAAE33B004E9E0F /* SearchBaseView.swift */,
				9988868A2CAAE356004E9E0F /* SearchView.swift */,
				9988868C2CAAE362004E9E0F /* SearchResultsView.swift */,
			);
			path = Search;
			sourceTree = "<group>";
		};
		99DE582D2CBBA4C1003A615B /* Friends */ = {
			isa = PBXGroup;
			children = (
				99DE581D2CB6A5D9003A615B /* MessageView.swift */,
				99DE58212CB791BA003A615B /* BookForChatRow.swift */,
				99DE58172CB6902E003A615B /* ChatView.swift */,
				99DE58252CB92626003A615B /* ShareView.swift */,
				99DE58272CB926EA003A615B /* ShareToFriendView.swift */,
				998886F62CB14929004E9E0F /* FriendView.swift */,
				998886FC2CB26DBA004E9E0F /* AddFriendView.swift */,
				998886FE2CB26E2E004E9E0F /* FriendSearchView.swift */,
				998887042CB27683004E9E0F /* FriendRow.swift */,
				998887002CB26E37004E9E0F /* FriendSearchResultsView.swift */,
			);
			path = Friends;
			sourceTree = "<group>";
		};
		99DE582E2CBBA4FA003A615B /* Authentication */ = {
			isa = PBXGroup;
			children = (
				998886F82CB166B8004E9E0F /* StartView.swift */,
				998886EE2CB00535004E9E0F /* SignInView.swift */,
				998886F22CB00AAE004E9E0F /* SignUpView.swift */,
			);
			path = Authentication;
			sourceTree = "<group>";
		};
/* End PBXGroup section */

/* Begin PBXNativeTarget section */
		998886702CAAD972004E9E0F /* BookBuddies */ = {
			isa = PBXNativeTarget;
			buildConfigurationList = 998886812CAAD973004E9E0F /* Build configuration list for PBXNativeTarget "BookBuddies" */;
			buildPhases = (
				9988866D2CAAD972004E9E0F /* Sources */,
				9988866E2CAAD972004E9E0F /* Frameworks */,
				9988866F2CAAD972004E9E0F /* Resources */,
			);
			buildRules = (
			);
			dependencies = (
			);
			name = BookBuddies;
			packageProductDependencies = (
				998886BA2CAFFFB4004E9E0F /* FirebaseAnalytics */,
				998886BC2CAFFFB4004E9E0F /* FirebaseAnalyticsOnDeviceConversion */,
				998886BE2CAFFFB4004E9E0F /* FirebaseAnalyticsWithoutAdIdSupport */,
				998886C02CAFFFB4004E9E0F /* FirebaseAppCheck */,
				998886C22CAFFFB4004E9E0F /* FirebaseAppDistribution-Beta */,
				998886C82CB00482004E9E0F /* FirebaseAuth */,
				998886CA2CB00482004E9E0F /* FirebaseAuthCombine-Community */,
				998886CC2CB00482004E9E0F /* FirebaseCore */,
				998886CE2CB00482004E9E0F /* FirebaseCrashlytics */,
				998886D02CB00482004E9E0F /* FirebaseDatabase */,
				998886D22CB00482004E9E0F /* FirebaseDynamicLinks */,
				998886D42CB00482004E9E0F /* FirebaseFirestore */,
				998886D62CB00482004E9E0F /* FirebaseFirestoreCombine-Community */,
				998886D82CB00482004E9E0F /* FirebaseFunctions */,
				998886DA2CB00482004E9E0F /* FirebaseFunctionsCombine-Community */,
				998886DC2CB00482004E9E0F /* FirebaseInAppMessaging-Beta */,
				998886DE2CB00482004E9E0F /* FirebaseInstallations */,
				998886E02CB00482004E9E0F /* FirebaseMLModelDownloader */,
				998886E22CB00482004E9E0F /* FirebaseMessaging */,
				998886E42CB00482004E9E0F /* FirebasePerformance */,
				998886E62CB00482004E9E0F /* FirebaseRemoteConfig */,
				998886E82CB00482004E9E0F /* FirebaseStorage */,
				998886EA2CB00482004E9E0F /* FirebaseStorageCombine-Community */,
				998886EC2CB00482004E9E0F /* FirebaseVertexAI-Preview */,
			);
			productName = BookBuddies;
			productReference = 998886712CAAD972004E9E0F /* BookBuddies.app */;
			productType = "com.apple.product-type.application";
		};
/* End PBXNativeTarget section */

/* Begin PBXProject section */
		998886692CAAD972004E9E0F /* Project object */ = {
			isa = PBXProject;
			attributes = {
				BuildIndependentTargetsInParallel = 1;
				LastSwiftUpdateCheck = 1530;
				LastUpgradeCheck = 1530;
				TargetAttributes = {
					998886702CAAD972004E9E0F = {
						CreatedOnToolsVersion = 15.3;
					};
				};
			};
			buildConfigurationList = 9988866C2CAAD972004E9E0F /* Build configuration list for PBXProject "BookBuddies" */;
			compatibilityVersion = "Xcode 14.0";
			developmentRegion = en;
			hasScannedForEncodings = 0;
			knownRegions = (
				en,
				Base,
			);
			mainGroup = 998886682CAAD972004E9E0F;
			packageReferences = (
				998886B92CAFFFB4004E9E0F /* XCRemoteSwiftPackageReference "firebase-ios-sdk" */,
			);
			productRefGroup = 998886722CAAD972004E9E0F /* Products */;
			projectDirPath = "";
			projectRoot = "";
			targets = (
				998886702CAAD972004E9E0F /* BookBuddies */,
			);
		};
/* End PBXProject section */

/* Begin PBXResourcesBuildPhase section */
		9988866F2CAAD972004E9E0F /* Resources */ = {
			isa = PBXResourcesBuildPhase;
			buildActionMask = 2147483647;
			files = (
				9988867E2CAAD973004E9E0F /* Preview Assets.xcassets in Resources */,
				9988867B2CAAD973004E9E0F /* Assets.xcassets in Resources */,
				998886B82CAFFF31004E9E0F /* GoogleService-Info.plist in Resources */,
			);
			runOnlyForDeploymentPostprocessing = 0;
		};
/* End PBXResourcesBuildPhase section */

/* Begin PBXSourcesBuildPhase section */
		9988866D2CAAD972004E9E0F /* Sources */ = {
			isa = PBXSourcesBuildPhase;
			buildActionMask = 2147483647;
			files = (
				99DE58182CB6902E003A615B /* ChatView.swift in Sources */,
				998887032CB26EC8004E9E0F /* SearchViewModel.swift in Sources */,
				998886FB2CB251FB004E9E0F /* FriendModel.swift in Sources */,
				99DE581E2CB6A5D9003A615B /* MessageView.swift in Sources */,
				998887052CB27683004E9E0F /* FriendRow.swift in Sources */,
				998886872CAAE2DF004E9E0F /* BookViewModel.swift in Sources */,
				998886912CAB7A23004E9E0F /* BookRow.swift in Sources */,
				998886852CAADB35004E9E0F /* GoogleBooksAPI.swift in Sources */,
				998886952CABA269004E9E0F /* BookView.swift in Sources */,
				998886972CACDBC8004E9E0F /* ShelfView.swift in Sources */,
				998886A52CAD40A2004E9E0F /* BookDetail.swift in Sources */,
				9988869D2CACF0BD004E9E0F /* VolumeInfoModel.swift in Sources */,
				998886C72CB002A2004E9E0F /* MainView.swift in Sources */,
				998886AD2CAE42DD004E9E0F /* BookSpineView.swift in Sources */,
				99DE582A2CBB5AD8003A615B /* BookSuggestionView.swift in Sources */,
				998886772CAAD972004E9E0F /* ContentView.swift in Sources */,
				99DE58262CB92626003A615B /* ShareView.swift in Sources */,
				9988868B2CAAE356004E9E0F /* SearchView.swift in Sources */,
				99DE58242CB911E1003A615B /* LineView.swift in Sources */,
				998886992CACE78E004E9E0F /* Bookshelf.swift in Sources */,
				9988869B2CACE807004E9E0F /* BookshelfViewModel.swift in Sources */,
				9988869F2CACF0C5004E9E0F /* ImageLinks.swift in Sources */,
				99DE581C2CB69D06003A615B /* ChatViewModel.swift in Sources */,
				9988868D2CAAE362004E9E0F /* SearchResultsView.swift in Sources */,
				99DE58202CB77BF0003A615B /* BookSearchView.swift in Sources */,
				998886FF2CB26E2E004E9E0F /* FriendSearchView.swift in Sources */,
				998886EF2CB00535004E9E0F /* SignInView.swift in Sources */,
				998886F32CB00AAE004E9E0F /* SignUpView.swift in Sources */,
				99DE58142CB50F4E003A615B /* SettingsView.swift in Sources */,
				998887012CB26E37004E9E0F /* FriendSearchResultsView.swift in Sources */,
				998886FD2CB26DBA004E9E0F /* AddFriendView.swift in Sources */,
				998886932CABA181004E9E0F /* BookModel.swift in Sources */,
				998886F52CB0EBE1004E9E0F /* UserModel.swift in Sources */,
				998886F72CB14929004E9E0F /* FriendView.swift in Sources */,
				9988868F2CAAE67D004E9E0F /* BookshelfBackground.swift in Sources */,
				998886752CAAD972004E9E0F /* BookBuddiesApp.swift in Sources */,
				99DE58282CB926EA003A615B /* ShareToFriendView.swift in Sources */,
				998886892CAAE33B004E9E0F /* SearchBaseView.swift in Sources */,
				998886F12CB0080A004E9E0F /* AuthViewModel.swift in Sources */,
				99DE58162CB68DB9003A615B /* MessageModel.swift in Sources */,
				998886A12CAD02D2004E9E0F /* BookPreview.swift in Sources */,
				998886C52CB00223004E9E0F /* UserViewModel.swift in Sources */,
				99DE58222CB791BA003A615B /* BookForChatRow.swift in Sources */,
				998886AB2CAE2EE6004E9E0F /* SaveBookView.swift in Sources */,
				99DE582C2CBB6DDE003A615B /* BookThumbnail.swift in Sources */,
				99DE581A2CB6977B003A615B /* Date.swift in Sources */,
				998886F92CB166B8004E9E0F /* StartView.swift in Sources */,
			);
			runOnlyForDeploymentPostprocessing = 0;
		};
/* End PBXSourcesBuildPhase section */

/* Begin XCBuildConfiguration section */
		9988867F2CAAD973004E9E0F /* Debug */ = {
			isa = XCBuildConfiguration;
			buildSettings = {
				ALWAYS_SEARCH_USER_PATHS = NO;
				ASSETCATALOG_COMPILER_GENERATE_SWIFT_ASSET_SYMBOL_EXTENSIONS = YES;
				CLANG_ANALYZER_NONNULL = YES;
				CLANG_ANALYZER_NUMBER_OBJECT_CONVERSION = YES_AGGRESSIVE;
				CLANG_CXX_LANGUAGE_STANDARD = "gnu++20";
				CLANG_ENABLE_MODULES = YES;
				CLANG_ENABLE_OBJC_ARC = YES;
				CLANG_ENABLE_OBJC_WEAK = YES;
				CLANG_WARN_BLOCK_CAPTURE_AUTORELEASING = YES;
				CLANG_WARN_BOOL_CONVERSION = YES;
				CLANG_WARN_COMMA = YES;
				CLANG_WARN_CONSTANT_CONVERSION = YES;
				CLANG_WARN_DEPRECATED_OBJC_IMPLEMENTATIONS = YES;
				CLANG_WARN_DIRECT_OBJC_ISA_USAGE = YES_ERROR;
				CLANG_WARN_DOCUMENTATION_COMMENTS = YES;
				CLANG_WARN_EMPTY_BODY = YES;
				CLANG_WARN_ENUM_CONVERSION = YES;
				CLANG_WARN_INFINITE_RECURSION = YES;
				CLANG_WARN_INT_CONVERSION = YES;
				CLANG_WARN_NON_LITERAL_NULL_CONVERSION = YES;
				CLANG_WARN_OBJC_IMPLICIT_RETAIN_SELF = YES;
				CLANG_WARN_OBJC_LITERAL_CONVERSION = YES;
				CLANG_WARN_OBJC_ROOT_CLASS = YES_ERROR;
				CLANG_WARN_QUOTED_INCLUDE_IN_FRAMEWORK_HEADER = YES;
				CLANG_WARN_RANGE_LOOP_ANALYSIS = YES;
				CLANG_WARN_STRICT_PROTOTYPES = YES;
				CLANG_WARN_SUSPICIOUS_MOVE = YES;
				CLANG_WARN_UNGUARDED_AVAILABILITY = YES_AGGRESSIVE;
				CLANG_WARN_UNREACHABLE_CODE = YES;
				CLANG_WARN__DUPLICATE_METHOD_MATCH = YES;
				COPY_PHASE_STRIP = NO;
				DEBUG_INFORMATION_FORMAT = dwarf;
				ENABLE_STRICT_OBJC_MSGSEND = YES;
				ENABLE_TESTABILITY = YES;
				ENABLE_USER_SCRIPT_SANDBOXING = YES;
				GCC_C_LANGUAGE_STANDARD = gnu17;
				GCC_DYNAMIC_NO_PIC = NO;
				GCC_NO_COMMON_BLOCKS = YES;
				GCC_OPTIMIZATION_LEVEL = 0;
				GCC_PREPROCESSOR_DEFINITIONS = (
					"DEBUG=1",
					"$(inherited)",
				);
				GCC_WARN_64_TO_32_BIT_CONVERSION = YES;
				GCC_WARN_ABOUT_RETURN_TYPE = YES_ERROR;
				GCC_WARN_UNDECLARED_SELECTOR = YES;
				GCC_WARN_UNINITIALIZED_AUTOS = YES_AGGRESSIVE;
				GCC_WARN_UNUSED_FUNCTION = YES;
				GCC_WARN_UNUSED_VARIABLE = YES;
				IPHONEOS_DEPLOYMENT_TARGET = 17.4;
				LOCALIZATION_PREFERS_STRING_CATALOGS = YES;
				MTL_ENABLE_DEBUG_INFO = INCLUDE_SOURCE;
				MTL_FAST_MATH = YES;
				ONLY_ACTIVE_ARCH = YES;
				SDKROOT = iphoneos;
				SWIFT_ACTIVE_COMPILATION_CONDITIONS = "DEBUG $(inherited)";
				SWIFT_OPTIMIZATION_LEVEL = "-Onone";
			};
			name = Debug;
		};
		998886802CAAD973004E9E0F /* Release */ = {
			isa = XCBuildConfiguration;
			buildSettings = {
				ALWAYS_SEARCH_USER_PATHS = NO;
				ASSETCATALOG_COMPILER_GENERATE_SWIFT_ASSET_SYMBOL_EXTENSIONS = YES;
				CLANG_ANALYZER_NONNULL = YES;
				CLANG_ANALYZER_NUMBER_OBJECT_CONVERSION = YES_AGGRESSIVE;
				CLANG_CXX_LANGUAGE_STANDARD = "gnu++20";
				CLANG_ENABLE_MODULES = YES;
				CLANG_ENABLE_OBJC_ARC = YES;
				CLANG_ENABLE_OBJC_WEAK = YES;
				CLANG_WARN_BLOCK_CAPTURE_AUTORELEASING = YES;
				CLANG_WARN_BOOL_CONVERSION = YES;
				CLANG_WARN_COMMA = YES;
				CLANG_WARN_CONSTANT_CONVERSION = YES;
				CLANG_WARN_DEPRECATED_OBJC_IMPLEMENTATIONS = YES;
				CLANG_WARN_DIRECT_OBJC_ISA_USAGE = YES_ERROR;
				CLANG_WARN_DOCUMENTATION_COMMENTS = YES;
				CLANG_WARN_EMPTY_BODY = YES;
				CLANG_WARN_ENUM_CONVERSION = YES;
				CLANG_WARN_INFINITE_RECURSION = YES;
				CLANG_WARN_INT_CONVERSION = YES;
				CLANG_WARN_NON_LITERAL_NULL_CONVERSION = YES;
				CLANG_WARN_OBJC_IMPLICIT_RETAIN_SELF = YES;
				CLANG_WARN_OBJC_LITERAL_CONVERSION = YES;
				CLANG_WARN_OBJC_ROOT_CLASS = YES_ERROR;
				CLANG_WARN_QUOTED_INCLUDE_IN_FRAMEWORK_HEADER = YES;
				CLANG_WARN_RANGE_LOOP_ANALYSIS = YES;
				CLANG_WARN_STRICT_PROTOTYPES = YES;
				CLANG_WARN_SUSPICIOUS_MOVE = YES;
				CLANG_WARN_UNGUARDED_AVAILABILITY = YES_AGGRESSIVE;
				CLANG_WARN_UNREACHABLE_CODE = YES;
				CLANG_WARN__DUPLICATE_METHOD_MATCH = YES;
				COPY_PHASE_STRIP = NO;
				DEBUG_INFORMATION_FORMAT = "dwarf-with-dsym";
				ENABLE_NS_ASSERTIONS = NO;
				ENABLE_STRICT_OBJC_MSGSEND = YES;
				ENABLE_USER_SCRIPT_SANDBOXING = YES;
				GCC_C_LANGUAGE_STANDARD = gnu17;
				GCC_NO_COMMON_BLOCKS = YES;
				GCC_WARN_64_TO_32_BIT_CONVERSION = YES;
				GCC_WARN_ABOUT_RETURN_TYPE = YES_ERROR;
				GCC_WARN_UNDECLARED_SELECTOR = YES;
				GCC_WARN_UNINITIALIZED_AUTOS = YES_AGGRESSIVE;
				GCC_WARN_UNUSED_FUNCTION = YES;
				GCC_WARN_UNUSED_VARIABLE = YES;
				IPHONEOS_DEPLOYMENT_TARGET = 17.4;
				LOCALIZATION_PREFERS_STRING_CATALOGS = YES;
				MTL_ENABLE_DEBUG_INFO = NO;
				MTL_FAST_MATH = YES;
				SDKROOT = iphoneos;
				SWIFT_COMPILATION_MODE = wholemodule;
				VALIDATE_PRODUCT = YES;
			};
			name = Release;
		};
		998886822CAAD973004E9E0F /* Debug */ = {
			isa = XCBuildConfiguration;
			buildSettings = {
				ASSETCATALOG_COMPILER_APPICON_NAME = AppIcon;
				ASSETCATALOG_COMPILER_GLOBAL_ACCENT_COLOR_NAME = AccentColor;
				CODE_SIGN_STYLE = Automatic;
				CURRENT_PROJECT_VERSION = 1;
				DEVELOPMENT_ASSET_PATHS = "\"BookBuddies/Preview Content\"";
				DEVELOPMENT_TEAM = HRF24T6BK3;
				ENABLE_PREVIEWS = YES;
				GENERATE_INFOPLIST_FILE = YES;
				INFOPLIST_KEY_UIApplicationSceneManifest_Generation = YES;
				INFOPLIST_KEY_UIApplicationSupportsIndirectInputEvents = YES;
				INFOPLIST_KEY_UILaunchScreen_Generation = YES;
				INFOPLIST_KEY_UISupportedInterfaceOrientations_iPad = "UIInterfaceOrientationPortrait UIInterfaceOrientationPortraitUpsideDown UIInterfaceOrientationLandscapeLeft UIInterfaceOrientationLandscapeRight";
				INFOPLIST_KEY_UISupportedInterfaceOrientations_iPhone = "UIInterfaceOrientationPortrait UIInterfaceOrientationLandscapeLeft UIInterfaceOrientationLandscapeRight";
				LD_RUNPATH_SEARCH_PATHS = (
					"$(inherited)",
					"@executable_path/Frameworks",
				);
				MARKETING_VERSION = 1.0;
				PRODUCT_BUNDLE_IDENTIFIER = com.rhianna.BookBuddies;
				PRODUCT_NAME = "$(TARGET_NAME)";
				SWIFT_EMIT_LOC_STRINGS = YES;
				SWIFT_VERSION = 5.0;
				TARGETED_DEVICE_FAMILY = "1,2";
			};
			name = Debug;
		};
		998886832CAAD973004E9E0F /* Release */ = {
			isa = XCBuildConfiguration;
			buildSettings = {
				ASSETCATALOG_COMPILER_APPICON_NAME = AppIcon;
				ASSETCATALOG_COMPILER_GLOBAL_ACCENT_COLOR_NAME = AccentColor;
				CODE_SIGN_STYLE = Automatic;
				CURRENT_PROJECT_VERSION = 1;
				DEVELOPMENT_ASSET_PATHS = "\"BookBuddies/Preview Content\"";
				DEVELOPMENT_TEAM = HRF24T6BK3;
				ENABLE_PREVIEWS = YES;
				GENERATE_INFOPLIST_FILE = YES;
				INFOPLIST_KEY_UIApplicationSceneManifest_Generation = YES;
				INFOPLIST_KEY_UIApplicationSupportsIndirectInputEvents = YES;
				INFOPLIST_KEY_UILaunchScreen_Generation = YES;
				INFOPLIST_KEY_UISupportedInterfaceOrientations_iPad = "UIInterfaceOrientationPortrait UIInterfaceOrientationPortraitUpsideDown UIInterfaceOrientationLandscapeLeft UIInterfaceOrientationLandscapeRight";
				INFOPLIST_KEY_UISupportedInterfaceOrientations_iPhone = "UIInterfaceOrientationPortrait UIInterfaceOrientationLandscapeLeft UIInterfaceOrientationLandscapeRight";
				LD_RUNPATH_SEARCH_PATHS = (
					"$(inherited)",
					"@executable_path/Frameworks",
				);
				MARKETING_VERSION = 1.0;
				PRODUCT_BUNDLE_IDENTIFIER = com.rhianna.BookBuddies;
				PRODUCT_NAME = "$(TARGET_NAME)";
				SWIFT_EMIT_LOC_STRINGS = YES;
				SWIFT_VERSION = 5.0;
				TARGETED_DEVICE_FAMILY = "1,2";
			};
			name = Release;
		};
/* End XCBuildConfiguration section */

/* Begin XCConfigurationList section */
		9988866C2CAAD972004E9E0F /* Build configuration list for PBXProject "BookBuddies" */ = {
			isa = XCConfigurationList;
			buildConfigurations = (
				9988867F2CAAD973004E9E0F /* Debug */,
				998886802CAAD973004E9E0F /* Release */,
			);
			defaultConfigurationIsVisible = 0;
			defaultConfigurationName = Release;
		};
		998886812CAAD973004E9E0F /* Build configuration list for PBXNativeTarget "BookBuddies" */ = {
			isa = XCConfigurationList;
			buildConfigurations = (
				998886822CAAD973004E9E0F /* Debug */,
				998886832CAAD973004E9E0F /* Release */,
			);
			defaultConfigurationIsVisible = 0;
			defaultConfigurationName = Release;
		};
/* End XCConfigurationList section */

/* Begin XCRemoteSwiftPackageReference section */
		998886B92CAFFFB4004E9E0F /* XCRemoteSwiftPackageReference "firebase-ios-sdk" */ = {
			isa = XCRemoteSwiftPackageReference;
			repositoryURL = "https://github.com/firebase/firebase-ios-sdk";
			requirement = {
				kind = upToNextMajorVersion;
				minimumVersion = 11.3.0;
			};
		};
/* End XCRemoteSwiftPackageReference section */

/* Begin XCSwiftPackageProductDependency section */
		998886BA2CAFFFB4004E9E0F /* FirebaseAnalytics */ = {
			isa = XCSwiftPackageProductDependency;
			package = 998886B92CAFFFB4004E9E0F /* XCRemoteSwiftPackageReference "firebase-ios-sdk" */;
			productName = FirebaseAnalytics;
		};
		998886BC2CAFFFB4004E9E0F /* FirebaseAnalyticsOnDeviceConversion */ = {
			isa = XCSwiftPackageProductDependency;
			package = 998886B92CAFFFB4004E9E0F /* XCRemoteSwiftPackageReference "firebase-ios-sdk" */;
			productName = FirebaseAnalyticsOnDeviceConversion;
		};
		998886BE2CAFFFB4004E9E0F /* FirebaseAnalyticsWithoutAdIdSupport */ = {
			isa = XCSwiftPackageProductDependency;
			package = 998886B92CAFFFB4004E9E0F /* XCRemoteSwiftPackageReference "firebase-ios-sdk" */;
			productName = FirebaseAnalyticsWithoutAdIdSupport;
		};
		998886C02CAFFFB4004E9E0F /* FirebaseAppCheck */ = {
			isa = XCSwiftPackageProductDependency;
			package = 998886B92CAFFFB4004E9E0F /* XCRemoteSwiftPackageReference "firebase-ios-sdk" */;
			productName = FirebaseAppCheck;
		};
		998886C22CAFFFB4004E9E0F /* FirebaseAppDistribution-Beta */ = {
			isa = XCSwiftPackageProductDependency;
			package = 998886B92CAFFFB4004E9E0F /* XCRemoteSwiftPackageReference "firebase-ios-sdk" */;
			productName = "FirebaseAppDistribution-Beta";
		};
		998886C82CB00482004E9E0F /* FirebaseAuth */ = {
			isa = XCSwiftPackageProductDependency;
			package = 998886B92CAFFFB4004E9E0F /* XCRemoteSwiftPackageReference "firebase-ios-sdk" */;
			productName = FirebaseAuth;
		};
		998886CA2CB00482004E9E0F /* FirebaseAuthCombine-Community */ = {
			isa = XCSwiftPackageProductDependency;
			package = 998886B92CAFFFB4004E9E0F /* XCRemoteSwiftPackageReference "firebase-ios-sdk" */;
			productName = "FirebaseAuthCombine-Community";
		};
		998886CC2CB00482004E9E0F /* FirebaseCore */ = {
			isa = XCSwiftPackageProductDependency;
			package = 998886B92CAFFFB4004E9E0F /* XCRemoteSwiftPackageReference "firebase-ios-sdk" */;
			productName = FirebaseCore;
		};
		998886CE2CB00482004E9E0F /* FirebaseCrashlytics */ = {
			isa = XCSwiftPackageProductDependency;
			package = 998886B92CAFFFB4004E9E0F /* XCRemoteSwiftPackageReference "firebase-ios-sdk" */;
			productName = FirebaseCrashlytics;
		};
		998886D02CB00482004E9E0F /* FirebaseDatabase */ = {
			isa = XCSwiftPackageProductDependency;
			package = 998886B92CAFFFB4004E9E0F /* XCRemoteSwiftPackageReference "firebase-ios-sdk" */;
			productName = FirebaseDatabase;
		};
		998886D22CB00482004E9E0F /* FirebaseDynamicLinks */ = {
			isa = XCSwiftPackageProductDependency;
			package = 998886B92CAFFFB4004E9E0F /* XCRemoteSwiftPackageReference "firebase-ios-sdk" */;
			productName = FirebaseDynamicLinks;
		};
		998886D42CB00482004E9E0F /* FirebaseFirestore */ = {
			isa = XCSwiftPackageProductDependency;
			package = 998886B92CAFFFB4004E9E0F /* XCRemoteSwiftPackageReference "firebase-ios-sdk" */;
			productName = FirebaseFirestore;
		};
		998886D62CB00482004E9E0F /* FirebaseFirestoreCombine-Community */ = {
			isa = XCSwiftPackageProductDependency;
			package = 998886B92CAFFFB4004E9E0F /* XCRemoteSwiftPackageReference "firebase-ios-sdk" */;
			productName = "FirebaseFirestoreCombine-Community";
		};
		998886D82CB00482004E9E0F /* FirebaseFunctions */ = {
			isa = XCSwiftPackageProductDependency;
			package = 998886B92CAFFFB4004E9E0F /* XCRemoteSwiftPackageReference "firebase-ios-sdk" */;
			productName = FirebaseFunctions;
		};
		998886DA2CB00482004E9E0F /* FirebaseFunctionsCombine-Community */ = {
			isa = XCSwiftPackageProductDependency;
			package = 998886B92CAFFFB4004E9E0F /* XCRemoteSwiftPackageReference "firebase-ios-sdk" */;
			productName = "FirebaseFunctionsCombine-Community";
		};
		998886DC2CB00482004E9E0F /* FirebaseInAppMessaging-Beta */ = {
			isa = XCSwiftPackageProductDependency;
			package = 998886B92CAFFFB4004E9E0F /* XCRemoteSwiftPackageReference "firebase-ios-sdk" */;
			productName = "FirebaseInAppMessaging-Beta";
		};
		998886DE2CB00482004E9E0F /* FirebaseInstallations */ = {
			isa = XCSwiftPackageProductDependency;
			package = 998886B92CAFFFB4004E9E0F /* XCRemoteSwiftPackageReference "firebase-ios-sdk" */;
			productName = FirebaseInstallations;
		};
		998886E02CB00482004E9E0F /* FirebaseMLModelDownloader */ = {
			isa = XCSwiftPackageProductDependency;
			package = 998886B92CAFFFB4004E9E0F /* XCRemoteSwiftPackageReference "firebase-ios-sdk" */;
			productName = FirebaseMLModelDownloader;
		};
		998886E22CB00482004E9E0F /* FirebaseMessaging */ = {
			isa = XCSwiftPackageProductDependency;
			package = 998886B92CAFFFB4004E9E0F /* XCRemoteSwiftPackageReference "firebase-ios-sdk" */;
			productName = FirebaseMessaging;
		};
		998886E42CB00482004E9E0F /* FirebasePerformance */ = {
			isa = XCSwiftPackageProductDependency;
			package = 998886B92CAFFFB4004E9E0F /* XCRemoteSwiftPackageReference "firebase-ios-sdk" */;
			productName = FirebasePerformance;
		};
		998886E62CB00482004E9E0F /* FirebaseRemoteConfig */ = {
			isa = XCSwiftPackageProductDependency;
			package = 998886B92CAFFFB4004E9E0F /* XCRemoteSwiftPackageReference "firebase-ios-sdk" */;
			productName = FirebaseRemoteConfig;
		};
		998886E82CB00482004E9E0F /* FirebaseStorage */ = {
			isa = XCSwiftPackageProductDependency;
			package = 998886B92CAFFFB4004E9E0F /* XCRemoteSwiftPackageReference "firebase-ios-sdk" */;
			productName = FirebaseStorage;
		};
		998886EA2CB00482004E9E0F /* FirebaseStorageCombine-Community */ = {
			isa = XCSwiftPackageProductDependency;
			package = 998886B92CAFFFB4004E9E0F /* XCRemoteSwiftPackageReference "firebase-ios-sdk" */;
			productName = "FirebaseStorageCombine-Community";
		};
		998886EC2CB00482004E9E0F /* FirebaseVertexAI-Preview */ = {
			isa = XCSwiftPackageProductDependency;
			package = 998886B92CAFFFB4004E9E0F /* XCRemoteSwiftPackageReference "firebase-ios-sdk" */;
			productName = "FirebaseVertexAI-Preview";
		};
/* End XCSwiftPackageProductDependency section */
	};
	rootObject = 998886692CAAD972004E9E0F /* Project object */;
}
